// !$*UTF8*$!
{
	archiveVersion = 1;
	classes = {
	};
	objectVersion = 56;
	objects = {

/* Begin PBXBuildFile section */
		AAD31D582B2A28EF00EE8410 /* EmberTripApp.swift in Sources */ = {isa = PBXBuildFile; fileRef = AAD31D572B2A28EF00EE8410 /* EmberTripApp.swift */; };
		AAD31D5A2B2A28EF00EE8410 /* ContentView.swift in Sources */ = {isa = PBXBuildFile; fileRef = AAD31D592B2A28EF00EE8410 /* ContentView.swift */; };
		AAD31D5C2B2A28F000EE8410 /* Assets.xcassets in Resources */ = {isa = PBXBuildFile; fileRef = AAD31D5B2B2A28F000EE8410 /* Assets.xcassets */; };
		AAD31D5F2B2A28F000EE8410 /* Preview Assets.xcassets in Resources */ = {isa = PBXBuildFile; fileRef = AAD31D5E2B2A28F000EE8410 /* Preview Assets.xcassets */; };
		AAD31D6E2B2A3BE300EE8410 /* TripInfoRequest.swift in Sources */ = {isa = PBXBuildFile; fileRef = AAD31D6D2B2A3BE300EE8410 /* TripInfoRequest.swift */; };
		AAD31D702B2A3D0B00EE8410 /* NetworkService.swift in Sources */ = {isa = PBXBuildFile; fileRef = AAD31D6F2B2A3D0B00EE8410 /* NetworkService.swift */; };
		AAD31D742B2A5D4500EE8410 /* BusStopView.swift in Sources */ = {isa = PBXBuildFile; fileRef = AAD31D732B2A5D4500EE8410 /* BusStopView.swift */; };
		AAD31D7B2B2A717900EE8410 /* TripInfo.json in Resources */ = {isa = PBXBuildFile; fileRef = AAD31D792B2A717900EE8410 /* TripInfo.json */; };
		AAD31D882B2B244600EE8410 /* TripInfoResponses.swift in Sources */ = {isa = PBXBuildFile; fileRef = AAD31D872B2B244600EE8410 /* TripInfoResponses.swift */; };
		AAD31D8C2B2B349C00EE8410 /* QuotesRequest.swift in Sources */ = {isa = PBXBuildFile; fileRef = AAD31D8B2B2B349C00EE8410 /* QuotesRequest.swift */; };
		AAD31D8E2B2B350300EE8410 /* MyURLRequestProtocol.swift in Sources */ = {isa = PBXBuildFile; fileRef = AAD31D8D2B2B350300EE8410 /* MyURLRequestProtocol.swift */; };
		AAD31D902B2B393600EE8410 /* QuotesResponse.swift in Sources */ = {isa = PBXBuildFile; fileRef = AAD31D8F2B2B393600EE8410 /* QuotesResponse.swift */; };
		AAD31D942B2B3EC400EE8410 /* Quotes.json in Resources */ = {isa = PBXBuildFile; fileRef = AAD31D932B2B3EC400EE8410 /* Quotes.json */; };
		AAD31D962B2B411700EE8410 /* BusStopInformationRow.swift in Sources */ = {isa = PBXBuildFile; fileRef = AAD31D952B2B411700EE8410 /* BusStopInformationRow.swift */; };
		AAD31D992B2B445000EE8410 /* String++.swift in Sources */ = {isa = PBXBuildFile; fileRef = AAD31D982B2B445000EE8410 /* String++.swift */; };
		AAD31D9B2B2B4ABF00EE8410 /* BusMapView.swift in Sources */ = {isa = PBXBuildFile; fileRef = AAD31D9A2B2B4ABF00EE8410 /* BusMapView.swift */; };
		AAD31D9D2B2B52B000EE8410 /* CombineMapListView.swift in Sources */ = {isa = PBXBuildFile; fileRef = AAD31D9C2B2B52B000EE8410 /* CombineMapListView.swift */; };
		AAD31DA02B2B635100EE8410 /* CombineMapListViewModel.swift in Sources */ = {isa = PBXBuildFile; fileRef = AAD31D9F2B2B635100EE8410 /* CombineMapListViewModel.swift */; };
		AAD31DA22B2BA71F00EE8410 /* BusStop.swift in Sources */ = {isa = PBXBuildFile; fileRef = AAD31DA12B2BA71F00EE8410 /* BusStop.swift */; };
/* End PBXBuildFile section */

/* Begin PBXFileReference section */
		AAD31D542B2A28EF00EE8410 /* EmberTrip.app */ = {isa = PBXFileReference; explicitFileType = wrapper.application; includeInIndex = 0; path = EmberTrip.app; sourceTree = BUILT_PRODUCTS_DIR; };
		AAD31D572B2A28EF00EE8410 /* EmberTripApp.swift */ = {isa = PBXFileReference; lastKnownFileType = sourcecode.swift; path = EmberTripApp.swift; sourceTree = "<group>"; };
		AAD31D592B2A28EF00EE8410 /* ContentView.swift */ = {isa = PBXFileReference; lastKnownFileType = sourcecode.swift; path = ContentView.swift; sourceTree = "<group>"; };
		AAD31D5B2B2A28F000EE8410 /* Assets.xcassets */ = {isa = PBXFileReference; lastKnownFileType = folder.assetcatalog; path = Assets.xcassets; sourceTree = "<group>"; };
		AAD31D5E2B2A28F000EE8410 /* Preview Assets.xcassets */ = {isa = PBXFileReference; lastKnownFileType = folder.assetcatalog; path = "Preview Assets.xcassets"; sourceTree = "<group>"; };
		AAD31D6D2B2A3BE300EE8410 /* TripInfoRequest.swift */ = {isa = PBXFileReference; lastKnownFileType = sourcecode.swift; path = TripInfoRequest.swift; sourceTree = "<group>"; };
		AAD31D6F2B2A3D0B00EE8410 /* NetworkService.swift */ = {isa = PBXFileReference; lastKnownFileType = sourcecode.swift; path = NetworkService.swift; sourceTree = "<group>"; };
		AAD31D732B2A5D4500EE8410 /* BusStopView.swift */ = {isa = PBXFileReference; lastKnownFileType = sourcecode.swift; path = BusStopView.swift; sourceTree = "<group>"; };
		AAD31D792B2A717900EE8410 /* TripInfo.json */ = {isa = PBXFileReference; fileEncoding = 4; lastKnownFileType = text.json; path = TripInfo.json; sourceTree = "<group>"; };
		AAD31D872B2B244600EE8410 /* TripInfoResponses.swift */ = {isa = PBXFileReference; fileEncoding = 4; lastKnownFileType = sourcecode.swift; path = TripInfoResponses.swift; sourceTree = "<group>"; };
		AAD31D8B2B2B349C00EE8410 /* QuotesRequest.swift */ = {isa = PBXFileReference; lastKnownFileType = sourcecode.swift; path = QuotesRequest.swift; sourceTree = "<group>"; };
		AAD31D8D2B2B350300EE8410 /* MyURLRequestProtocol.swift */ = {isa = PBXFileReference; lastKnownFileType = sourcecode.swift; path = MyURLRequestProtocol.swift; sourceTree = "<group>"; };
		AAD31D8F2B2B393600EE8410 /* QuotesResponse.swift */ = {isa = PBXFileReference; lastKnownFileType = sourcecode.swift; path = QuotesResponse.swift; sourceTree = "<group>"; };
		AAD31D932B2B3EC400EE8410 /* Quotes.json */ = {isa = PBXFileReference; fileEncoding = 4; lastKnownFileType = text.json; path = Quotes.json; sourceTree = "<group>"; };
		AAD31D952B2B411700EE8410 /* BusStopInformationRow.swift */ = {isa = PBXFileReference; lastKnownFileType = sourcecode.swift; path = BusStopInformationRow.swift; sourceTree = "<group>"; };
		AAD31D982B2B445000EE8410 /* String++.swift */ = {isa = PBXFileReference; lastKnownFileType = sourcecode.swift; path = "String++.swift"; sourceTree = "<group>"; };
		AAD31D9A2B2B4ABF00EE8410 /* BusMapView.swift */ = {isa = PBXFileReference; lastKnownFileType = sourcecode.swift; path = BusMapView.swift; sourceTree = "<group>"; };
		AAD31D9C2B2B52B000EE8410 /* CombineMapListView.swift */ = {isa = PBXFileReference; lastKnownFileType = sourcecode.swift; path = CombineMapListView.swift; sourceTree = "<group>"; };
		AAD31D9F2B2B635100EE8410 /* CombineMapListViewModel.swift */ = {isa = PBXFileReference; lastKnownFileType = sourcecode.swift; path = CombineMapListViewModel.swift; sourceTree = "<group>"; };
		AAD31DA12B2BA71F00EE8410 /* BusStop.swift */ = {isa = PBXFileReference; lastKnownFileType = sourcecode.swift; path = BusStop.swift; sourceTree = "<group>"; };
/* End PBXFileReference section */

/* Begin PBXFrameworksBuildPhase section */
		AAD31D512B2A28EF00EE8410 /* Frameworks */ = {
			isa = PBXFrameworksBuildPhase;
			buildActionMask = 2147483647;
			files = (
			);
			runOnlyForDeploymentPostprocessing = 0;
		};
/* End PBXFrameworksBuildPhase section */

/* Begin PBXGroup section */
		AAD31D4B2B2A28EF00EE8410 = {
			isa = PBXGroup;
			children = (
				AAD31D562B2A28EF00EE8410 /* EmberTrip */,
				AAD31D552B2A28EF00EE8410 /* Products */,
			);
			sourceTree = "<group>";
		};
		AAD31D552B2A28EF00EE8410 /* Products */ = {
			isa = PBXGroup;
			children = (
				AAD31D542B2A28EF00EE8410 /* EmberTrip.app */,
			);
			name = Products;
			sourceTree = "<group>";
		};
		AAD31D562B2A28EF00EE8410 /* EmberTrip */ = {
			isa = PBXGroup;
			children = (
				AAD31D972B2B442800EE8410 /* Extensions */,
				AAD31D682B2A35E700EE8410 /* Services */,
				AAD31D672B2A2ACD00EE8410 /* Views */,
				AAD31D652B2A2AC100EE8410 /* Models */,
				AAD31D572B2A28EF00EE8410 /* EmberTripApp.swift */,
				AAD31D592B2A28EF00EE8410 /* ContentView.swift */,
				AAD31D5B2B2A28F000EE8410 /* Assets.xcassets */,
				AAD31D5D2B2A28F000EE8410 /* Preview Content */,
			);
			path = EmberTrip;
			sourceTree = "<group>";
		};
		AAD31D5D2B2A28F000EE8410 /* Preview Content */ = {
			isa = PBXGroup;
			children = (
				AAD31D932B2B3EC400EE8410 /* Quotes.json */,
				AAD31D792B2A717900EE8410 /* TripInfo.json */,
				AAD31D5E2B2A28F000EE8410 /* Preview Assets.xcassets */,
			);
			path = "Preview Content";
			sourceTree = "<group>";
		};
		AAD31D652B2A2AC100EE8410 /* Models */ = {
			isa = PBXGroup;
			children = (
				AAD31D8A2B2B348400EE8410 /* Quotes */,
				AAD31D892B2B347D00EE8410 /* TripInfo */,
				AAD31D8D2B2B350300EE8410 /* MyURLRequestProtocol.swift */,
				AAD31DA12B2BA71F00EE8410 /* BusStop.swift */,
			);
			path = Models;
			sourceTree = "<group>";
		};
		AAD31D672B2A2ACD00EE8410 /* Views */ = {
			isa = PBXGroup;
			children = (
				AAD31D9E2B2B633C00EE8410 /* CombineMapList */,
				AAD31D952B2B411700EE8410 /* BusStopInformationRow.swift */,
			);
			path = Views;
			sourceTree = "<group>";
		};
		AAD31D682B2A35E700EE8410 /* Services */ = {
			isa = PBXGroup;
			children = (
				AAD31D6F2B2A3D0B00EE8410 /* NetworkService.swift */,
			);
			path = Services;
			sourceTree = "<group>";
		};
		AAD31D892B2B347D00EE8410 /* TripInfo */ = {
			isa = PBXGroup;
			children = (
				AAD31D872B2B244600EE8410 /* TripInfoResponses.swift */,
				AAD31D6D2B2A3BE300EE8410 /* TripInfoRequest.swift */,
			);
			path = TripInfo;
			sourceTree = "<group>";
		};
		AAD31D8A2B2B348400EE8410 /* Quotes */ = {
			isa = PBXGroup;
			children = (
				AAD31D8B2B2B349C00EE8410 /* QuotesRequest.swift */,
				AAD31D8F2B2B393600EE8410 /* QuotesResponse.swift */,
			);
			path = Quotes;
			sourceTree = "<group>";
		};
		AAD31D972B2B442800EE8410 /* Extensions */ = {
			isa = PBXGroup;
			children = (
				AAD31D982B2B445000EE8410 /* String++.swift */,
			);
			path = Extensions;
			sourceTree = "<group>";
		};
		AAD31D9E2B2B633C00EE8410 /* CombineMapList */ = {
			isa = PBXGroup;
			children = (
				AAD31D732B2A5D4500EE8410 /* BusStopView.swift */,
				AAD31D9A2B2B4ABF00EE8410 /* BusMapView.swift */,
				AAD31D9C2B2B52B000EE8410 /* CombineMapListView.swift */,
				AAD31D9F2B2B635100EE8410 /* CombineMapListViewModel.swift */,
			);
			path = CombineMapList;
			sourceTree = "<group>";
		};
/* End PBXGroup section */

/* Begin PBXNativeTarget section */
		AAD31D532B2A28EF00EE8410 /* EmberTrip */ = {
			isa = PBXNativeTarget;
			buildConfigurationList = AAD31D622B2A28F000EE8410 /* Build configuration list for PBXNativeTarget "EmberTrip" */;
			buildPhases = (
				AAD31D502B2A28EF00EE8410 /* Sources */,
				AAD31D512B2A28EF00EE8410 /* Frameworks */,
				AAD31D522B2A28EF00EE8410 /* Resources */,
			);
			buildRules = (
			);
			dependencies = (
			);
			name = EmberTrip;
			productName = EmberTrip;
			productReference = AAD31D542B2A28EF00EE8410 /* EmberTrip.app */;
			productType = "com.apple.product-type.application";
		};
/* End PBXNativeTarget section */

/* Begin PBXProject section */
		AAD31D4C2B2A28EF00EE8410 /* Project object */ = {
			isa = PBXProject;
			attributes = {
				BuildIndependentTargetsInParallel = 1;
				LastSwiftUpdateCheck = 1510;
				LastUpgradeCheck = 1510;
				TargetAttributes = {
					AAD31D532B2A28EF00EE8410 = {
						CreatedOnToolsVersion = 15.1;
					};
				};
			};
			buildConfigurationList = AAD31D4F2B2A28EF00EE8410 /* Build configuration list for PBXProject "EmberTrip" */;
			compatibilityVersion = "Xcode 14.0";
			developmentRegion = en;
			hasScannedForEncodings = 0;
			knownRegions = (
				en,
				Base,
			);
			mainGroup = AAD31D4B2B2A28EF00EE8410;
			productRefGroup = AAD31D552B2A28EF00EE8410 /* Products */;
			projectDirPath = "";
			projectRoot = "";
			targets = (
				AAD31D532B2A28EF00EE8410 /* EmberTrip */,
			);
		};
/* End PBXProject section */

/* Begin PBXResourcesBuildPhase section */
		AAD31D522B2A28EF00EE8410 /* Resources */ = {
			isa = PBXResourcesBuildPhase;
			buildActionMask = 2147483647;
			files = (
				AAD31D942B2B3EC400EE8410 /* Quotes.json in Resources */,
				AAD31D5F2B2A28F000EE8410 /* Preview Assets.xcassets in Resources */,
				AAD31D7B2B2A717900EE8410 /* TripInfo.json in Resources */,
				AAD31D5C2B2A28F000EE8410 /* Assets.xcassets in Resources */,
			);
			runOnlyForDeploymentPostprocessing = 0;
		};
/* End PBXResourcesBuildPhase section */

/* Begin PBXSourcesBuildPhase section */
		AAD31D502B2A28EF00EE8410 /* Sources */ = {
			isa = PBXSourcesBuildPhase;
			buildActionMask = 2147483647;
			files = (
				AAD31DA22B2BA71F00EE8410 /* BusStop.swift in Sources */,
				AAD31D8C2B2B349C00EE8410 /* QuotesRequest.swift in Sources */,
				AAD31D902B2B393600EE8410 /* QuotesResponse.swift in Sources */,
				AAD31D742B2A5D4500EE8410 /* BusStopView.swift in Sources */,
				AAD31DA02B2B635100EE8410 /* CombineMapListViewModel.swift in Sources */,
				AAD31D702B2A3D0B00EE8410 /* NetworkService.swift in Sources */,
				AAD31D9B2B2B4ABF00EE8410 /* BusMapView.swift in Sources */,
				AAD31D882B2B244600EE8410 /* TripInfoResponses.swift in Sources */,
				AAD31D992B2B445000EE8410 /* String++.swift in Sources */,
				AAD31D6E2B2A3BE300EE8410 /* TripInfoRequest.swift in Sources */,
				AAD31D5A2B2A28EF00EE8410 /* ContentView.swift in Sources */,
				AAD31D962B2B411700EE8410 /* BusStopInformationRow.swift in Sources */,
				AAD31D9D2B2B52B000EE8410 /* CombineMapListView.swift in Sources */,
				AAD31D582B2A28EF00EE8410 /* EmberTripApp.swift in Sources */,
				AAD31D8E2B2B350300EE8410 /* MyURLRequestProtocol.swift in Sources */,
			);
			runOnlyForDeploymentPostprocessing = 0;
		};
/* End PBXSourcesBuildPhase section */

/* Begin XCBuildConfiguration section */
		AAD31D602B2A28F000EE8410 /* Debug */ = {
			isa = XCBuildConfiguration;
			buildSettings = {
				ALWAYS_SEARCH_USER_PATHS = NO;
				ASSETCATALOG_COMPILER_GENERATE_SWIFT_ASSET_SYMBOL_EXTENSIONS = YES;
				CLANG_ANALYZER_NONNULL = YES;
				CLANG_ANALYZER_NUMBER_OBJECT_CONVERSION = YES_AGGRESSIVE;
				CLANG_CXX_LANGUAGE_STANDARD = "gnu++20";
				CLANG_ENABLE_MODULES = YES;
				CLANG_ENABLE_OBJC_ARC = YES;
				CLANG_ENABLE_OBJC_WEAK = YES;
				CLANG_WARN_BLOCK_CAPTURE_AUTORELEASING = YES;
				CLANG_WARN_BOOL_CONVERSION = YES;
				CLANG_WARN_COMMA = YES;
				CLANG_WARN_CONSTANT_CONVERSION = YES;
				CLANG_WARN_DEPRECATED_OBJC_IMPLEMENTATIONS = YES;
				CLANG_WARN_DIRECT_OBJC_ISA_USAGE = YES_ERROR;
				CLANG_WARN_DOCUMENTATION_COMMENTS = YES;
				CLANG_WARN_EMPTY_BODY = YES;
				CLANG_WARN_ENUM_CONVERSION = YES;
				CLANG_WARN_INFINITE_RECURSION = YES;
				CLANG_WARN_INT_CONVERSION = YES;
				CLANG_WARN_NON_LITERAL_NULL_CONVERSION = YES;
				CLANG_WARN_OBJC_IMPLICIT_RETAIN_SELF = YES;
				CLANG_WARN_OBJC_LITERAL_CONVERSION = YES;
				CLANG_WARN_OBJC_ROOT_CLASS = YES_ERROR;
				CLANG_WARN_QUOTED_INCLUDE_IN_FRAMEWORK_HEADER = YES;
				CLANG_WARN_RANGE_LOOP_ANALYSIS = YES;
				CLANG_WARN_STRICT_PROTOTYPES = YES;
				CLANG_WARN_SUSPICIOUS_MOVE = YES;
				CLANG_WARN_UNGUARDED_AVAILABILITY = YES_AGGRESSIVE;
				CLANG_WARN_UNREACHABLE_CODE = YES;
				CLANG_WARN__DUPLICATE_METHOD_MATCH = YES;
				COPY_PHASE_STRIP = NO;
				DEBUG_INFORMATION_FORMAT = dwarf;
				ENABLE_STRICT_OBJC_MSGSEND = YES;
				ENABLE_TESTABILITY = YES;
				ENABLE_USER_SCRIPT_SANDBOXING = YES;
				GCC_C_LANGUAGE_STANDARD = gnu17;
				GCC_DYNAMIC_NO_PIC = NO;
				GCC_NO_COMMON_BLOCKS = YES;
				GCC_OPTIMIZATION_LEVEL = 0;
				GCC_PREPROCESSOR_DEFINITIONS = (
					"DEBUG=1",
					"$(inherited)",
				);
				GCC_WARN_64_TO_32_BIT_CONVERSION = YES;
				GCC_WARN_ABOUT_RETURN_TYPE = YES_ERROR;
				GCC_WARN_UNDECLARED_SELECTOR = YES;
				GCC_WARN_UNINITIALIZED_AUTOS = YES_AGGRESSIVE;
				GCC_WARN_UNUSED_FUNCTION = YES;
				GCC_WARN_UNUSED_VARIABLE = YES;
				IPHONEOS_DEPLOYMENT_TARGET = 17.2;
				LOCALIZATION_PREFERS_STRING_CATALOGS = YES;
				MTL_ENABLE_DEBUG_INFO = INCLUDE_SOURCE;
				MTL_FAST_MATH = YES;
				ONLY_ACTIVE_ARCH = YES;
				SDKROOT = iphoneos;
				SWIFT_ACTIVE_COMPILATION_CONDITIONS = "DEBUG $(inherited)";
				SWIFT_OPTIMIZATION_LEVEL = "-Onone";
			};
			name = Debug;
		};
		AAD31D612B2A28F000EE8410 /* Release */ = {
			isa = XCBuildConfiguration;
			buildSettings = {
				ALWAYS_SEARCH_USER_PATHS = NO;
				ASSETCATALOG_COMPILER_GENERATE_SWIFT_ASSET_SYMBOL_EXTENSIONS = YES;
				CLANG_ANALYZER_NONNULL = YES;
				CLANG_ANALYZER_NUMBER_OBJECT_CONVERSION = YES_AGGRESSIVE;
				CLANG_CXX_LANGUAGE_STANDARD = "gnu++20";
				CLANG_ENABLE_MODULES = YES;
				CLANG_ENABLE_OBJC_ARC = YES;
				CLANG_ENABLE_OBJC_WEAK = YES;
				CLANG_WARN_BLOCK_CAPTURE_AUTORELEASING = YES;
				CLANG_WARN_BOOL_CONVERSION = YES;
				CLANG_WARN_COMMA = YES;
				CLANG_WARN_CONSTANT_CONVERSION = YES;
				CLANG_WARN_DEPRECATED_OBJC_IMPLEMENTATIONS = YES;
				CLANG_WARN_DIRECT_OBJC_ISA_USAGE = YES_ERROR;
				CLANG_WARN_DOCUMENTATION_COMMENTS = YES;
				CLANG_WARN_EMPTY_BODY = YES;
				CLANG_WARN_ENUM_CONVERSION = YES;
				CLANG_WARN_INFINITE_RECURSION = YES;
				CLANG_WARN_INT_CONVERSION = YES;
				CLANG_WARN_NON_LITERAL_NULL_CONVERSION = YES;
				CLANG_WARN_OBJC_IMPLICIT_RETAIN_SELF = YES;
				CLANG_WARN_OBJC_LITERAL_CONVERSION = YES;
				CLANG_WARN_OBJC_ROOT_CLASS = YES_ERROR;
				CLANG_WARN_QUOTED_INCLUDE_IN_FRAMEWORK_HEADER = YES;
				CLANG_WARN_RANGE_LOOP_ANALYSIS = YES;
				CLANG_WARN_STRICT_PROTOTYPES = YES;
				CLANG_WARN_SUSPICIOUS_MOVE = YES;
				CLANG_WARN_UNGUARDED_AVAILABILITY = YES_AGGRESSIVE;
				CLANG_WARN_UNREACHABLE_CODE = YES;
				CLANG_WARN__DUPLICATE_METHOD_MATCH = YES;
				COPY_PHASE_STRIP = NO;
				DEBUG_INFORMATION_FORMAT = "dwarf-with-dsym";
				ENABLE_NS_ASSERTIONS = NO;
				ENABLE_STRICT_OBJC_MSGSEND = YES;
				ENABLE_USER_SCRIPT_SANDBOXING = YES;
				GCC_C_LANGUAGE_STANDARD = gnu17;
				GCC_NO_COMMON_BLOCKS = YES;
				GCC_WARN_64_TO_32_BIT_CONVERSION = YES;
				GCC_WARN_ABOUT_RETURN_TYPE = YES_ERROR;
				GCC_WARN_UNDECLARED_SELECTOR = YES;
				GCC_WARN_UNINITIALIZED_AUTOS = YES_AGGRESSIVE;
				GCC_WARN_UNUSED_FUNCTION = YES;
				GCC_WARN_UNUSED_VARIABLE = YES;
				IPHONEOS_DEPLOYMENT_TARGET = 17.2;
				LOCALIZATION_PREFERS_STRING_CATALOGS = YES;
				MTL_ENABLE_DEBUG_INFO = NO;
				MTL_FAST_MATH = YES;
				SDKROOT = iphoneos;
				SWIFT_COMPILATION_MODE = wholemodule;
				VALIDATE_PRODUCT = YES;
			};
			name = Release;
		};
		AAD31D632B2A28F000EE8410 /* Debug */ = {
			isa = XCBuildConfiguration;
			buildSettings = {
				ASSETCATALOG_COMPILER_APPICON_NAME = AppIcon;
				ASSETCATALOG_COMPILER_GLOBAL_ACCENT_COLOR_NAME = AccentColor;
				CODE_SIGN_STYLE = Automatic;
				CURRENT_PROJECT_VERSION = 1;
				DEVELOPMENT_ASSET_PATHS = "\"EmberTrip/Preview Content\"";
				DEVELOPMENT_TEAM = 447H88N27M;
				ENABLE_PREVIEWS = YES;
				GENERATE_INFOPLIST_FILE = YES;
				INFOPLIST_KEY_UIApplicationSceneManifest_Generation = YES;
				INFOPLIST_KEY_UIApplicationSupportsIndirectInputEvents = YES;
				INFOPLIST_KEY_UILaunchScreen_Generation = YES;
				INFOPLIST_KEY_UISupportedInterfaceOrientations_iPad = "UIInterfaceOrientationPortrait UIInterfaceOrientationPortraitUpsideDown UIInterfaceOrientationLandscapeLeft UIInterfaceOrientationLandscapeRight";
				INFOPLIST_KEY_UISupportedInterfaceOrientations_iPhone = "UIInterfaceOrientationPortrait UIInterfaceOrientationLandscapeLeft UIInterfaceOrientationLandscapeRight";
				LD_RUNPATH_SEARCH_PATHS = (
					"$(inherited)",
					"@executable_path/Frameworks",
				);
				MARKETING_VERSION = 1.0;
				PRODUCT_BUNDLE_IDENTIFIER = elvis.EmberTrip;
				PRODUCT_NAME = "$(TARGET_NAME)";
				SWIFT_EMIT_LOC_STRINGS = YES;
				SWIFT_VERSION = 5.0;
				TARGETED_DEVICE_FAMILY = "1,2";
			};
			name = Debug;
		};
		AAD31D642B2A28F000EE8410 /* Release */ = {
			isa = XCBuildConfiguration;
			buildSettings = {
				ASSETCATALOG_COMPILER_APPICON_NAME = AppIcon;
				ASSETCATALOG_COMPILER_GLOBAL_ACCENT_COLOR_NAME = AccentColor;
				CODE_SIGN_STYLE = Automatic;
				CURRENT_PROJECT_VERSION = 1;
				DEVELOPMENT_ASSET_PATHS = "\"EmberTrip/Preview Content\"";
				DEVELOPMENT_TEAM = 447H88N27M;
				ENABLE_PREVIEWS = YES;
				GENERATE_INFOPLIST_FILE = YES;
				INFOPLIST_KEY_UIApplicationSceneManifest_Generation = YES;
				INFOPLIST_KEY_UIApplicationSupportsIndirectInputEvents = YES;
				INFOPLIST_KEY_UILaunchScreen_Generation = YES;
				INFOPLIST_KEY_UISupportedInterfaceOrientations_iPad = "UIInterfaceOrientationPortrait UIInterfaceOrientationPortraitUpsideDown UIInterfaceOrientationLandscapeLeft UIInterfaceOrientationLandscapeRight";
				INFOPLIST_KEY_UISupportedInterfaceOrientations_iPhone = "UIInterfaceOrientationPortrait UIInterfaceOrientationLandscapeLeft UIInterfaceOrientationLandscapeRight";
				LD_RUNPATH_SEARCH_PATHS = (
					"$(inherited)",
					"@executable_path/Frameworks",
				);
				MARKETING_VERSION = 1.0;
				PRODUCT_BUNDLE_IDENTIFIER = elvis.EmberTrip;
				PRODUCT_NAME = "$(TARGET_NAME)";
				SWIFT_EMIT_LOC_STRINGS = YES;
				SWIFT_VERSION = 5.0;
				TARGETED_DEVICE_FAMILY = "1,2";
			};
			name = Release;
		};
/* End XCBuildConfiguration section */

/* Begin XCConfigurationList section */
		AAD31D4F2B2A28EF00EE8410 /* Build configuration list for PBXProject "EmberTrip" */ = {
			isa = XCConfigurationList;
			buildConfigurations = (
				AAD31D602B2A28F000EE8410 /* Debug */,
				AAD31D612B2A28F000EE8410 /* Release */,
			);
			defaultConfigurationIsVisible = 0;
			defaultConfigurationName = Release;
		};
		AAD31D622B2A28F000EE8410 /* Build configuration list for PBXNativeTarget "EmberTrip" */ = {
			isa = XCConfigurationList;
			buildConfigurations = (
				AAD31D632B2A28F000EE8410 /* Debug */,
				AAD31D642B2A28F000EE8410 /* Release */,
			);
			defaultConfigurationIsVisible = 0;
			defaultConfigurationName = Release;
		};
/* End XCConfigurationList section */
	};
	rootObject = AAD31D4C2B2A28EF00EE8410 /* Project object */;
}
